
Microsoft Visual Studio Solution File, Format Version 12.00
# Visual Studio Version 16
VisualStudioVersion = 16.0.30804.86
MinimumVisualStudioVersion = 10.0.40219.1
Project("{8BC9CEB8-8B4A-11D0-8D11-00A0C91BC942}") = "examenes", "examenes\examenes.vcxproj", "{4BC44F9A-03B9-4B5D-9DBA-7A4FA10AE676}"
EndProject
Global
	GlobalSection(SolutionConfigurationPlatforms) = preSolution
		Debug|x64 = Debug|x64
		Debug|x86 = Debug|x86
		Release|x64 = Release|x64
		Release|x86 = Release|x86
	EndGlobalSection
	GlobalSection(ProjectConfigurationPlatforms) = postSolution
		{4BC44F9A-03B9-4B5D-9DBA-7A4FA10AE676}.Debug|x64.ActiveCfg = Debug|x64
		{4BC44F9A-03B9-4B5D-9DBA-7A4FA10AE676}.Debug|x64.Build.0 = Debug|x64
		{4BC44F9A-03B9-4B5D-9DBA-7A4FA10AE676}.Debug|x86.ActiveCfg = Debug|Win32
		{4BC44F9A-03B9-4B5D-9DBA-7A4FA10AE676}.Debug|x86.Build.0 = Debug|Win32
		{4BC44F9A-03B9-4B5D-9DBA-7A4FA10AE676}.Release|x64.ActiveCfg = Release|x64
		{4BC44F9A-03B9-4B5D-9DBA-7A4FA10AE676}.Release|x64.Build.0 = Release|x64
		{4BC44F9A-03B9-4B5D-9DBA-7A4FA10AE676}.Release|x86.ActiveCfg = Release|Win32
		{4BC44F9A-03B9-4B5D-9DBA-7A4FA10AE676}.Release|x86.Build.0 = Release|Win32
	EndGlobalSection
	GlobalSection(SolutionProperties) = preSolution
		HideSolutionNode = FALSE
	EndGlobalSection
	GlobalSection(ExtensibilityGlobals) = postSolution
		SolutionGuid = {7438E8CC-CFC9-4C8C-9891-3BA7F8CC65B6}
	EndGlobalSection
EndGlobal
